
Microsoft Visual Studio Solution File, Format Version 12.00
# Visual Studio Version 17
VisualStudioVersion = 17.1.32328.378
MinimumVisualStudioVersion = 10.0.40219.1
Project("{FAE04EC0-301F-11D3-BF4B-00C04F79EFBC}") = "Car Animation", "Car Animation\Car Animation.csproj", "{47914751-A108-47B2-B01F-EBE0ED3F3883}"
EndProject
Global
	GlobalSection(SolutionConfigurationPlatforms) = preSolution
		Debug|Any CPU = Debug|Any CPU
		Release|Any CPU = Release|Any CPU
	EndGlobalSection
	GlobalSection(ProjectConfigurationPlatforms) = postSolution
		{47914751-A108-47B2-B01F-EBE0ED3F3883}.Debug|Any CPU.ActiveCfg = Debug|Any CPU
		{47914751-A108-47B2-B01F-EBE0ED3F3883}.Debug|Any CPU.Build.0 = Debug|Any CPU
		{47914751-A108-47B2-B01F-EBE0ED3F3883}.Release|Any CPU.ActiveCfg = Release|Any CPU
		{47914751-A108-47B2-B01F-EBE0ED3F3883}.Release|Any CPU.Build.0 = Release|Any CPU
	EndGlobalSection
	GlobalSection(SolutionProperties) = preSolution
		HideSolutionNode = FALSE
	EndGlobalSection
	GlobalSection(ExtensibilityGlobals) = postSolution
		SolutionGuid = {149CCC9F-3CEE-42BB-A033-D2513A454F94}
	EndGlobalSection
EndGlobal
